{
  "version": 4,
  "terraform_version": "1.0.1",
  "serial": 794,
  "lineage": "4bf0aa76-752b-f3c8-99b4-fcce631aaf75",
  "outputs": {
    "az": {
      "value": [
        "us-east-1a",
        "us-east-1b",
        "us-east-1c",
        "us-east-1d",
        "us-east-1e",
        "us-east-1f"
      ],
      "type": [
        "list",
        "string"
      ]
    },
    "bucket": {
      "value": "bucketomniag",
      "type": "string"
    }
  },
  "resources": [
    {
      "mode": "data",
      "type": "aws_availability_zones",
      "name": "az",
      "provider": "provider[\"registry.terraform.io/hashicorp/aws\"]",
      "instances": [
        {
          "schema_version": 0,
          "attributes": {
            "all_availability_zones": null,
            "exclude_names": null,
            "exclude_zone_ids": null,
            "filter": null,
            "group_names": [
              "us-east-1"
            ],
            "id": "us-east-1",
            "names": [
              "us-east-1a",
              "us-east-1b",
              "us-east-1c",
              "us-east-1d",
              "us-east-1e",
              "us-east-1f"
            ],
            "state": null,
            "zone_ids": [
              "use1-az2",
              "use1-az4",
              "use1-az6",
              "use1-az1",
              "use1-az3",
              "use1-az5"
            ]
          },
          "sensitive_attributes": []
        }
      ]
    },
    {
      "mode": "managed",
      "type": "aws_instance",
      "name": "instance1",
      "provider": "provider[\"registry.terraform.io/hashicorp/aws\"]",
      "instances": [
        {
          "schema_version": 1,
          "attributes": {
            "ami": "ami-0ab4d1e9cf9a1215a",
            "arn": "arn:aws:ec2:us-east-1:444610758372:instance/i-0572a6e9f67c4e2c9",
            "associate_public_ip_address": true,
            "availability_zone": "us-east-1a",
            "capacity_reservation_specification": [
              {
                "capacity_reservation_preference": "open",
                "capacity_reservation_target": []
              }
            ],
            "cpu_core_count": 1,
            "cpu_threads_per_core": 1,
            "credit_specification": [
              {
                "cpu_credits": "standard"
              }
            ],
            "disable_api_termination": false,
            "ebs_block_device": [],
            "ebs_optimized": false,
            "enclave_options": [
              {
                "enabled": false
              }
            ],
            "ephemeral_block_device": [],
            "get_password_data": false,
            "hibernation": false,
            "host_id": null,
            "iam_instance_profile": "",
            "id": "i-0572a6e9f67c4e2c9",
            "instance_initiated_shutdown_behavior": "stop",
            "instance_state": "running",
            "instance_type": "t2.micro",
            "ipv6_address_count": 0,
            "ipv6_addresses": [],
            "key_name": "kp1.pem",
            "metadata_options": [
              {
                "http_endpoint": "enabled",
                "http_put_response_hop_limit": 1,
                "http_tokens": "optional"
              }
            ],
            "monitoring": false,
            "network_interface": [],
            "outpost_arn": "",
            "password_data": "",
            "placement_group": "",
            "primary_network_interface_id": "eni-0445eaf49be7fcfaf",
            "private_dns": "ip-10-0-0-181.ec2.internal",
            "private_ip": "10.0.0.181",
            "public_dns": "ec2-52-207-237-253.compute-1.amazonaws.com",
            "public_ip": "52.207.237.253",
            "root_block_device": [
              {
                "delete_on_termination": true,
                "device_name": "/dev/xvda",
                "encrypted": false,
                "iops": 100,
                "kms_key_id": "",
                "tags": {},
                "throughput": 0,
                "volume_id": "vol-0dff391d723fd7cd0",
                "volume_size": 8,
                "volume_type": "gp2"
              }
            ],
            "secondary_private_ips": [],
            "security_groups": [],
            "source_dest_check": true,
            "subnet_id": "subnet-09bf0f258c1fad8ac",
            "tags": {
              "Name": "demo-omniLatam-us-east-1a"
            },
            "tags_all": {
              "Name": "demo-omniLatam-us-east-1a"
            },
            "tenancy": "default",
            "timeouts": null,
            "user_data": null,
            "user_data_base64": null,
            "volume_tags": null,
            "vpc_security_group_ids": [
              "sg-0eff995aed04c0602"
            ]
          },
          "sensitive_attributes": [],
          "private": "eyJlMmJmYjczMC1lY2FhLTExZTYtOGY4OC0zNDM2M2JjN2M0YzAiOnsiY3JlYXRlIjo2MDAwMDAwMDAwMDAsImRlbGV0ZSI6MTIwMDAwMDAwMDAwMCwidXBkYXRlIjo2MDAwMDAwMDAwMDB9LCJzY2hlbWFfdmVyc2lvbiI6IjEifQ==",
          "dependencies": [
            "aws_security_group.ssh-sg",
            "aws_subnet.public_subnet1",
            "aws_vpc.vpc",
            "data.aws_availability_zones.az",
            "tls_private_key.pk",
            "aws_key_pair.generated_key1"
          ]
        }
      ]
    },
    {
      "mode": "managed",
      "type": "aws_instance",
      "name": "instance2",
      "provider": "provider[\"registry.terraform.io/hashicorp/aws\"]",
      "instances": [
        {
          "schema_version": 1,
          "attributes": {
            "ami": "ami-0ab4d1e9cf9a1215a",
            "arn": "arn:aws:ec2:us-east-1:444610758372:instance/i-0ee3b9b92cc297347",
            "associate_public_ip_address": true,
            "availability_zone": "us-east-1b",
            "capacity_reservation_specification": [
              {
                "capacity_reservation_preference": "open",
                "capacity_reservation_target": []
              }
            ],
            "cpu_core_count": 1,
            "cpu_threads_per_core": 1,
            "credit_specification": [
              {
                "cpu_credits": "standard"
              }
            ],
            "disable_api_termination": false,
            "ebs_block_device": [],
            "ebs_optimized": false,
            "enclave_options": [
              {
                "enabled": false
              }
            ],
            "ephemeral_block_device": [],
            "get_password_data": false,
            "hibernation": false,
            "host_id": null,
            "iam_instance_profile": "",
            "id": "i-0ee3b9b92cc297347",
            "instance_initiated_shutdown_behavior": "stop",
            "instance_state": "running",
            "instance_type": "t2.micro",
            "ipv6_address_count": 0,
            "ipv6_addresses": [],
            "key_name": "kp2.pem",
            "metadata_options": [
              {
                "http_endpoint": "enabled",
                "http_put_response_hop_limit": 1,
                "http_tokens": "optional"
              }
            ],
            "monitoring": false,
            "network_interface": [],
            "outpost_arn": "",
            "password_data": "",
            "placement_group": "",
            "primary_network_interface_id": "eni-0023f461de6be5a69",
            "private_dns": "ip-10-0-1-136.ec2.internal",
            "private_ip": "10.0.1.136",
            "public_dns": "ec2-34-234-95-12.compute-1.amazonaws.com",
            "public_ip": "34.234.95.12",
            "root_block_device": [
              {
                "delete_on_termination": true,
                "device_name": "/dev/xvda",
                "encrypted": false,
                "iops": 100,
                "kms_key_id": "",
                "tags": {},
                "throughput": 0,
                "volume_id": "vol-01b28415fb28e9d15",
                "volume_size": 8,
                "volume_type": "gp2"
              }
            ],
            "secondary_private_ips": [],
            "security_groups": [],
            "source_dest_check": true,
            "subnet_id": "subnet-047e988ffcc99535c",
            "tags": {
              "Name": "demo-omniLatam-us-east-1b"
            },
            "tags_all": {
              "Name": "demo-omniLatam-us-east-1b"
            },
            "tenancy": "default",
            "timeouts": null,
            "user_data": null,
            "user_data_base64": null,
            "volume_tags": null,
            "vpc_security_group_ids": [
              "sg-060208b7c91b06c6c",
              "sg-0eff995aed04c0602"
            ]
          },
          "sensitive_attributes": [],
          "private": "eyJlMmJmYjczMC1lY2FhLTExZTYtOGY4OC0zNDM2M2JjN2M0YzAiOnsiY3JlYXRlIjo2MDAwMDAwMDAwMDAsImRlbGV0ZSI6MTIwMDAwMDAwMDAwMCwidXBkYXRlIjo2MDAwMDAwMDAwMDB9LCJzY2hlbWFfdmVyc2lvbiI6IjEifQ==",
          "dependencies": [
            "aws_key_pair.generated_key2",
            "aws_security_group.ssh-sg",
            "aws_security_group.webserver-sg",
            "aws_subnet.public_subnet2",
            "aws_vpc.vpc",
            "data.aws_availability_zones.az",
            "tls_private_key.pk"
          ]
        }
      ]
    },
    {
      "mode": "managed",
      "type": "aws_instance",
      "name": "instance3",
      "provider": "provider[\"registry.terraform.io/hashicorp/aws\"]",
      "instances": [
        {
          "schema_version": 1,
          "attributes": {
            "ami": "ami-0ab4d1e9cf9a1215a",
            "arn": "arn:aws:ec2:us-east-1:444610758372:instance/i-05888c90ccfde8848",
            "associate_public_ip_address": true,
            "availability_zone": "us-east-1c",
            "capacity_reservation_specification": [
              {
                "capacity_reservation_preference": "open",
                "capacity_reservation_target": []
              }
            ],
            "cpu_core_count": 1,
            "cpu_threads_per_core": 1,
            "credit_specification": [
              {
                "cpu_credits": "standard"
              }
            ],
            "disable_api_termination": false,
            "ebs_block_device": [],
            "ebs_optimized": false,
            "enclave_options": [
              {
                "enabled": false
              }
            ],
            "ephemeral_block_device": [],
            "get_password_data": false,
            "hibernation": false,
            "host_id": null,
            "iam_instance_profile": "",
            "id": "i-05888c90ccfde8848",
            "instance_initiated_shutdown_behavior": "stop",
            "instance_state": "running",
            "instance_type": "t2.micro",
            "ipv6_address_count": 0,
            "ipv6_addresses": [],
            "key_name": "kp3.pem",
            "metadata_options": [
              {
                "http_endpoint": "enabled",
                "http_put_response_hop_limit": 1,
                "http_tokens": "optional"
              }
            ],
            "monitoring": false,
            "network_interface": [],
            "outpost_arn": "",
            "password_data": "",
            "placement_group": "",
            "primary_network_interface_id": "eni-0bc3a899e2dcd35e1",
            "private_dns": "ip-10-0-10-128.ec2.internal",
            "private_ip": "10.0.10.128",
            "public_dns": "ec2-54-162-104-109.compute-1.amazonaws.com",
            "public_ip": "54.162.104.109",
            "root_block_device": [
              {
                "delete_on_termination": true,
                "device_name": "/dev/xvda",
                "encrypted": false,
                "iops": 100,
                "kms_key_id": "",
                "tags": {},
                "throughput": 0,
                "volume_id": "vol-0d0b3259b7f90840b",
                "volume_size": 8,
                "volume_type": "gp2"
              }
            ],
            "secondary_private_ips": [],
            "security_groups": [],
            "source_dest_check": true,
            "subnet_id": "subnet-0cc89672aab603c7a",
            "tags": {
              "Name": "demo-omniLatam-us-east-1c"
            },
            "tags_all": {
              "Name": "demo-omniLatam-us-east-1c"
            },
            "tenancy": "default",
            "timeouts": null,
            "user_data": null,
            "user_data_base64": null,
            "volume_tags": null,
            "vpc_security_group_ids": [
              "sg-024e7720b7f265334",
              "sg-0eff995aed04c0602"
            ]
          },
          "sensitive_attributes": [],
          "private": "eyJlMmJmYjczMC1lY2FhLTExZTYtOGY4OC0zNDM2M2JjN2M0YzAiOnsiY3JlYXRlIjo2MDAwMDAwMDAwMDAsImRlbGV0ZSI6MTIwMDAwMDAwMDAwMCwidXBkYXRlIjo2MDAwMDAwMDAwMDB9LCJzY2hlbWFfdmVyc2lvbiI6IjEifQ==",
          "dependencies": [
            "aws_key_pair.generated_key3",
            "aws_security_group.allow_tls-sg",
            "aws_security_group.ssh-sg",
            "aws_subnet.private_subnet",
            "data.aws_availability_zones.az"
          ]
        }
      ]
    },
    {
      "mode": "managed",
      "type": "aws_key_pair",
      "name": "generated_key1",
      "provider": "provider[\"registry.terraform.io/hashicorp/aws\"]",
      "instances": [
        {
          "schema_version": 1,
          "attributes": {
            "arn": "arn:aws:ec2:us-east-1:444610758372:key-pair/kp1.pem",
            "fingerprint": "36:bf:c3:73:19:ea:58:ab:e2:1b:f5:30:a1:14:ad:54",
            "id": "kp1.pem",
            "key_name": "kp1.pem",
            "key_name_prefix": null,
            "key_pair_id": "key-0bee6fa73bb12bc0b",
            "public_key": "ssh-rsa AAAAB3NzaC1yc2EAAAADAQABAAACAQDWj6LS5A53X5er2msiY2SEJKIErzl7/WvNM4jh/w9AxroKQsFyDa6MlgmOYTvUmQ3Jj2xM6pK3OX7DjWe47wd3Ef4qEo7bUWuDoM50zNnQL6PaqqMrpjrLRTEW9Y5sXx9auVhgizU4a748ruc/ecB9HClqRRakHIzSJprbVvM+38YTrcABLsfiy+qejb3GylJKTpSPAmNqjQ4PqXZuKJkU/qfxiuSCNfITfMJ4ypVNY86wAGaHwpKjo1XRwB20JqnMs4XVp9gSyFxuqedOZ/1LZp+XqeeBmIy54Kqos0ARR3iLsJ0bkluVXHlN/5yuqE9rCSEBPjLWIcpo3HX4q6HX9bPZwAsBcT77H4nOGcqASmz6DDLiyIMRzQH6BaAEz+PDNdrb9zT5gnreQtPTyds0gDcvdgxL1WXRiaxhOc1M8i/jHeuUylNbJ61uV/PTMEZb00xTiy9TSySivgGpcLLaDNZw5sDDG30LL06NaEVtILuM7jcz+TITwOooFBHU5IMdW4Fs1ijkkJ7hN8uH1z1ClUN5cg/eiCpxXadqdqaDMsX8zx1vrdYxm0gEq4s8LTh8B1KxFG1pxDMPVwJWVfAuCQfUe3svBUQPANzEimb+C2nMf/WvuxCyvTSXpjhzEg/zvmNJAw4iDVLUSr/RURiNh15D16l4oIBr9sEUt1v5yw==",
            "tags": {},
            "tags_all": {}
          },
          "sensitive_attributes": [],
          "private": "eyJzY2hlbWFfdmVyc2lvbiI6IjEifQ==",
          "dependencies": [
            "tls_private_key.pk"
          ]
        }
      ]
    },
    {
      "mode": "managed",
      "type": "aws_key_pair",
      "name": "generated_key2",
      "provider": "provider[\"registry.terraform.io/hashicorp/aws\"]",
      "instances": [
        {
          "schema_version": 1,
          "attributes": {
            "arn": "arn:aws:ec2:us-east-1:444610758372:key-pair/kp2.pem",
            "fingerprint": "36:bf:c3:73:19:ea:58:ab:e2:1b:f5:30:a1:14:ad:54",
            "id": "kp2.pem",
            "key_name": "kp2.pem",
            "key_name_prefix": null,
            "key_pair_id": "key-0f0f75e7964f4e25a",
            "public_key": "ssh-rsa AAAAB3NzaC1yc2EAAAADAQABAAACAQDWj6LS5A53X5er2msiY2SEJKIErzl7/WvNM4jh/w9AxroKQsFyDa6MlgmOYTvUmQ3Jj2xM6pK3OX7DjWe47wd3Ef4qEo7bUWuDoM50zNnQL6PaqqMrpjrLRTEW9Y5sXx9auVhgizU4a748ruc/ecB9HClqRRakHIzSJprbVvM+38YTrcABLsfiy+qejb3GylJKTpSPAmNqjQ4PqXZuKJkU/qfxiuSCNfITfMJ4ypVNY86wAGaHwpKjo1XRwB20JqnMs4XVp9gSyFxuqedOZ/1LZp+XqeeBmIy54Kqos0ARR3iLsJ0bkluVXHlN/5yuqE9rCSEBPjLWIcpo3HX4q6HX9bPZwAsBcT77H4nOGcqASmz6DDLiyIMRzQH6BaAEz+PDNdrb9zT5gnreQtPTyds0gDcvdgxL1WXRiaxhOc1M8i/jHeuUylNbJ61uV/PTMEZb00xTiy9TSySivgGpcLLaDNZw5sDDG30LL06NaEVtILuM7jcz+TITwOooFBHU5IMdW4Fs1ijkkJ7hN8uH1z1ClUN5cg/eiCpxXadqdqaDMsX8zx1vrdYxm0gEq4s8LTh8B1KxFG1pxDMPVwJWVfAuCQfUe3svBUQPANzEimb+C2nMf/WvuxCyvTSXpjhzEg/zvmNJAw4iDVLUSr/RURiNh15D16l4oIBr9sEUt1v5yw==",
            "tags": {},
            "tags_all": {}
          },
          "sensitive_attributes": [],
          "private": "eyJzY2hlbWFfdmVyc2lvbiI6IjEifQ==",
          "dependencies": [
            "tls_private_key.pk"
          ]
        }
      ]
    },
    {
      "mode": "managed",
      "type": "aws_key_pair",
      "name": "generated_key3",
      "provider": "provider[\"registry.terraform.io/hashicorp/aws\"]",
      "instances": [
        {
          "schema_version": 1,
          "attributes": {
            "arn": "arn:aws:ec2:us-east-1:444610758372:key-pair/kp3.pem",
            "fingerprint": "36:bf:c3:73:19:ea:58:ab:e2:1b:f5:30:a1:14:ad:54",
            "id": "kp3.pem",
            "key_name": "kp3.pem",
            "key_name_prefix": null,
            "key_pair_id": "key-0aea56b58f6306a56",
            "public_key": "ssh-rsa AAAAB3NzaC1yc2EAAAADAQABAAACAQDWj6LS5A53X5er2msiY2SEJKIErzl7/WvNM4jh/w9AxroKQsFyDa6MlgmOYTvUmQ3Jj2xM6pK3OX7DjWe47wd3Ef4qEo7bUWuDoM50zNnQL6PaqqMrpjrLRTEW9Y5sXx9auVhgizU4a748ruc/ecB9HClqRRakHIzSJprbVvM+38YTrcABLsfiy+qejb3GylJKTpSPAmNqjQ4PqXZuKJkU/qfxiuSCNfITfMJ4ypVNY86wAGaHwpKjo1XRwB20JqnMs4XVp9gSyFxuqedOZ/1LZp+XqeeBmIy54Kqos0ARR3iLsJ0bkluVXHlN/5yuqE9rCSEBPjLWIcpo3HX4q6HX9bPZwAsBcT77H4nOGcqASmz6DDLiyIMRzQH6BaAEz+PDNdrb9zT5gnreQtPTyds0gDcvdgxL1WXRiaxhOc1M8i/jHeuUylNbJ61uV/PTMEZb00xTiy9TSySivgGpcLLaDNZw5sDDG30LL06NaEVtILuM7jcz+TITwOooFBHU5IMdW4Fs1ijkkJ7hN8uH1z1ClUN5cg/eiCpxXadqdqaDMsX8zx1vrdYxm0gEq4s8LTh8B1KxFG1pxDMPVwJWVfAuCQfUe3svBUQPANzEimb+C2nMf/WvuxCyvTSXpjhzEg/zvmNJAw4iDVLUSr/RURiNh15D16l4oIBr9sEUt1v5yw==",
            "tags": {},
            "tags_all": {}
          },
          "sensitive_attributes": [],
          "private": "eyJzY2hlbWFfdmVyc2lvbiI6IjEifQ==",
          "dependencies": [
            "tls_private_key.pk"
          ]
        }
      ]
    },
    {
      "mode": "managed",
      "type": "aws_s3_bucket",
      "name": "buck",
      "provider": "provider[\"registry.terraform.io/hashicorp/aws\"]",
      "instances": [
        {
          "schema_version": 0,
          "attributes": {
            "acceleration_status": "",
            "acl": "private",
            "arn": "arn:aws:s3:::bucketomniag",
            "bucket": "bucketomniag",
            "bucket_domain_name": "bucketomniag.s3.amazonaws.com",
            "bucket_prefix": null,
            "bucket_regional_domain_name": "bucketomniag.s3.amazonaws.com",
            "cors_rule": [],
            "force_destroy": false,
            "grant": [],
            "hosted_zone_id": "Z3AQBSTGFYJSTF",
            "id": "bucketomniag",
            "lifecycle_rule": [],
            "logging": [],
            "object_lock_configuration": [],
            "policy": null,
            "region": "us-east-1",
            "replication_configuration": [],
            "request_payer": "BucketOwner",
            "server_side_encryption_configuration": [],
            "tags": {
              "Environment": "Dev",
              "Name": "My bucket omniag"
            },
            "tags_all": {
              "Environment": "Dev",
              "Name": "My bucket omniag"
            },
            "versioning": [
              {
                "enabled": false,
                "mfa_delete": false
              }
            ],
            "website": [],
            "website_domain": null,
            "website_endpoint": null
          },
          "sensitive_attributes": [],
          "private": "bnVsbA=="
        }
      ]
    },
    {
      "mode": "managed",
      "type": "aws_s3_bucket_object",
      "name": "kp1",
      "provider": "provider[\"registry.terraform.io/hashicorp/aws\"]",
      "instances": [
        {
          "schema_version": 0,
          "attributes": {
            "acl": "private",
            "bucket": "bucketomniag",
            "bucket_key_enabled": false,
            "cache_control": "",
            "content": null,
            "content_base64": null,
            "content_disposition": "",
            "content_encoding": "",
            "content_language": "",
            "content_type": "binary/octet-stream",
            "etag": "e6b49aed1303653eb8847930b398f603",
            "force_destroy": false,
            "id": "kp1.pem",
            "key": "kp1.pem",
            "kms_key_id": null,
            "metadata": {},
            "object_lock_legal_hold_status": "",
            "object_lock_mode": "",
            "object_lock_retain_until_date": "",
            "server_side_encryption": "",
            "source": "./myKey1.pem",
            "storage_class": "STANDARD",
            "tags": {},
            "tags_all": {},
            "version_id": "",
            "website_redirect": ""
          },
          "sensitive_attributes": [],
          "private": "bnVsbA==",
          "dependencies": [
            "aws_key_pair.generated_key1",
            "aws_s3_bucket.buck",
            "tls_private_key.pk"
          ]
        }
      ]
    },
    {
      "mode": "managed",
      "type": "aws_s3_bucket_object",
      "name": "kp2",
      "provider": "provider[\"registry.terraform.io/hashicorp/aws\"]",
      "instances": [
        {
          "schema_version": 0,
          "attributes": {
            "acl": "private",
            "bucket": "bucketomniag",
            "bucket_key_enabled": false,
            "cache_control": "",
            "content": null,
            "content_base64": null,
            "content_disposition": "",
            "content_encoding": "",
            "content_language": "",
            "content_type": "binary/octet-stream",
            "etag": "e6b49aed1303653eb8847930b398f603",
            "force_destroy": false,
            "id": "kp2.pem",
            "key": "kp2.pem",
            "kms_key_id": null,
            "metadata": {},
            "object_lock_legal_hold_status": "",
            "object_lock_mode": "",
            "object_lock_retain_until_date": "",
            "server_side_encryption": "",
            "source": "./myKey2.pem",
            "storage_class": "STANDARD",
            "tags": {},
            "tags_all": {},
            "version_id": "",
            "website_redirect": ""
          },
          "sensitive_attributes": [],
          "private": "bnVsbA==",
          "dependencies": [
            "aws_key_pair.generated_key2",
            "aws_s3_bucket.buck",
            "tls_private_key.pk"
          ]
        }
      ]
    },
    {
      "mode": "managed",
      "type": "aws_s3_bucket_object",
      "name": "kp3",
      "provider": "provider[\"registry.terraform.io/hashicorp/aws\"]",
      "instances": [
        {
          "schema_version": 0,
          "attributes": {
            "acl": "private",
            "bucket": "bucketomniag",
            "bucket_key_enabled": false,
            "cache_control": "",
            "content": null,
            "content_base64": null,
            "content_disposition": "",
            "content_encoding": "",
            "content_language": "",
            "content_type": "binary/octet-stream",
            "etag": "e6b49aed1303653eb8847930b398f603",
            "force_destroy": false,
            "id": "kp3.pem",
            "key": "kp3.pem",
            "kms_key_id": null,
            "metadata": {},
            "object_lock_legal_hold_status": "",
            "object_lock_mode": "",
            "object_lock_retain_until_date": "",
            "server_side_encryption": "",
            "source": "./myKey3.pem",
            "storage_class": "STANDARD",
            "tags": {},
            "tags_all": {},
            "version_id": "",
            "website_redirect": ""
          },
          "sensitive_attributes": [],
          "private": "bnVsbA==",
          "dependencies": [
            "aws_key_pair.generated_key3",
            "aws_s3_bucket.buck",
            "tls_private_key.pk"
          ]
        }
      ]
    },
    {
      "mode": "managed",
      "type": "aws_security_group",
      "name": "allow_tls-sg",
      "provider": "provider[\"registry.terraform.io/hashicorp/aws\"]",
      "instances": [
        {
          "schema_version": 1,
          "attributes": {
            "arn": "arn:aws:ec2:us-east-1:444610758372:security-group/sg-024e7720b7f265334",
            "description": "Allow TLS inbound traffic",
            "egress": [
              {
                "cidr_blocks": [
                  "0.0.0.0/0"
                ],
                "description": "",
                "from_port": 0,
                "ipv6_cidr_blocks": [],
                "prefix_list_ids": [],
                "protocol": "-1",
                "security_groups": [],
                "self": false,
                "to_port": 0
              }
            ],
            "id": "sg-024e7720b7f265334",
            "ingress": [
              {
                "cidr_blocks": [
                  "0.0.0.0/0"
                ],
                "description": "TLS from VPC",
                "from_port": 443,
                "ipv6_cidr_blocks": [],
                "prefix_list_ids": [],
                "protocol": "tcp",
                "security_groups": [],
                "self": false,
                "to_port": 443
              }
            ],
            "name": "allow_tls",
            "name_prefix": "",
            "owner_id": "444610758372",
            "revoke_rules_on_delete": false,
            "tags": {
              "Name": "allow_tls"
            },
            "tags_all": {
              "Name": "allow_tls"
            },
            "timeouts": null,
            "vpc_id": "vpc-066e4f23812498b9f"
          },
          "sensitive_attributes": [],
          "private": "eyJlMmJmYjczMC1lY2FhLTExZTYtOGY4OC0zNDM2M2JjN2M0YzAiOnsiY3JlYXRlIjo2MDAwMDAwMDAwMDAsImRlbGV0ZSI6OTAwMDAwMDAwMDAwfSwic2NoZW1hX3ZlcnNpb24iOiIxIn0=",
          "dependencies": [
            "aws_vpc.vpc"
          ]
        }
      ]
    },
    {
      "mode": "managed",
      "type": "aws_security_group",
      "name": "ssh-sg",
      "provider": "provider[\"registry.terraform.io/hashicorp/aws\"]",
      "instances": [
        {
          "schema_version": 1,
          "attributes": {
            "arn": "arn:aws:ec2:us-east-1:444610758372:security-group/sg-0eff995aed04c0602",
            "description": "Secutiry Group for ssh access from my site",
            "egress": [
              {
                "cidr_blocks": [],
                "description": "",
                "from_port": 0,
                "ipv6_cidr_blocks": [],
                "prefix_list_ids": [],
                "protocol": "-1",
                "security_groups": [],
                "self": true,
                "to_port": 0
              }
            ],
            "id": "sg-0eff995aed04c0602",
            "ingress": [
              {
                "cidr_blocks": [
                  "191.88.38.17/32"
                ],
                "description": "",
                "from_port": 22,
                "ipv6_cidr_blocks": [],
                "prefix_list_ids": [],
                "protocol": "tcp",
                "security_groups": [],
                "self": false,
                "to_port": 22
              }
            ],
            "name": "ssh_access",
            "name_prefix": "",
            "owner_id": "444610758372",
            "revoke_rules_on_delete": false,
            "tags": {
              "Name": "allow_ssh"
            },
            "tags_all": {
              "Name": "allow_ssh"
            },
            "timeouts": null,
            "vpc_id": "vpc-066e4f23812498b9f"
          },
          "sensitive_attributes": [],
          "private": "eyJlMmJmYjczMC1lY2FhLTExZTYtOGY4OC0zNDM2M2JjN2M0YzAiOnsiY3JlYXRlIjo2MDAwMDAwMDAwMDAsImRlbGV0ZSI6OTAwMDAwMDAwMDAwfSwic2NoZW1hX3ZlcnNpb24iOiIxIn0=",
          "dependencies": [
            "aws_vpc.vpc"
          ]
        }
      ]
    },
    {
      "mode": "managed",
      "type": "aws_security_group",
      "name": "webserver-sg",
      "provider": "provider[\"registry.terraform.io/hashicorp/aws\"]",
      "instances": [
        {
          "schema_version": 1,
          "attributes": {
            "arn": "arn:aws:ec2:us-east-1:444610758372:security-group/sg-060208b7c91b06c6c",
            "description": "Secutiry Group for http access",
            "egress": [
              {
                "cidr_blocks": [
                  "0.0.0.0/0"
                ],
                "description": "",
                "from_port": 0,
                "ipv6_cidr_blocks": [],
                "prefix_list_ids": [],
                "protocol": "-1",
                "security_groups": [],
                "self": false,
                "to_port": 0
              }
            ],
            "id": "sg-060208b7c91b06c6c",
            "ingress": [
              {
                "cidr_blocks": [
                  "0.0.0.0/0"
                ],
                "description": "",
                "from_port": 80,
                "ipv6_cidr_blocks": [],
                "prefix_list_ids": [],
                "protocol": "tcp",
                "security_groups": [],
                "self": false,
                "to_port": 80
              }
            ],
            "name": "http_access",
            "name_prefix": "",
            "owner_id": "444610758372",
            "revoke_rules_on_delete": false,
            "tags": {
              "Name": "allow_http"
            },
            "tags_all": {
              "Name": "allow_http"
            },
            "timeouts": null,
            "vpc_id": "vpc-066e4f23812498b9f"
          },
          "sensitive_attributes": [],
          "private": "eyJlMmJmYjczMC1lY2FhLTExZTYtOGY4OC0zNDM2M2JjN2M0YzAiOnsiY3JlYXRlIjo2MDAwMDAwMDAwMDAsImRlbGV0ZSI6OTAwMDAwMDAwMDAwfSwic2NoZW1hX3ZlcnNpb24iOiIxIn0=",
          "dependencies": [
            "aws_vpc.vpc"
          ]
        }
      ]
    },
    {
      "mode": "managed",
      "type": "aws_subnet",
      "name": "private_subnet",
      "provider": "provider[\"registry.terraform.io/hashicorp/aws\"]",
      "instances": [
        {
          "schema_version": 1,
          "attributes": {
            "arn": "arn:aws:ec2:us-east-1:444610758372:subnet/subnet-0cc89672aab603c7a",
            "assign_ipv6_address_on_creation": false,
            "availability_zone": "us-east-1c",
            "availability_zone_id": "use1-az6",
            "cidr_block": "10.0.10.0/24",
            "customer_owned_ipv4_pool": "",
            "id": "subnet-0cc89672aab603c7a",
            "ipv6_cidr_block": "",
            "ipv6_cidr_block_association_id": "",
            "map_customer_owned_ip_on_launch": false,
            "map_public_ip_on_launch": false,
            "outpost_arn": "",
            "owner_id": "444610758372",
            "tags": {
              "Name": "private-subnet"
            },
            "tags_all": {
              "Name": "private-subnet"
            },
            "timeouts": null,
            "vpc_id": "vpc-066e4f23812498b9f"
          },
          "sensitive_attributes": [],
          "private": "eyJlMmJmYjczMC1lY2FhLTExZTYtOGY4OC0zNDM2M2JjN2M0YzAiOnsiY3JlYXRlIjo2MDAwMDAwMDAwMDAsImRlbGV0ZSI6MTIwMDAwMDAwMDAwMH0sInNjaGVtYV92ZXJzaW9uIjoiMSJ9",
          "dependencies": [
            "aws_vpc.vpc",
            "data.aws_availability_zones.az"
          ]
        }
      ]
    },
    {
      "mode": "managed",
      "type": "aws_subnet",
      "name": "public_subnet1",
      "provider": "provider[\"registry.terraform.io/hashicorp/aws\"]",
      "instances": [
        {
          "schema_version": 1,
          "attributes": {
            "arn": "arn:aws:ec2:us-east-1:444610758372:subnet/subnet-09bf0f258c1fad8ac",
            "assign_ipv6_address_on_creation": false,
            "availability_zone": "us-east-1a",
            "availability_zone_id": "use1-az2",
            "cidr_block": "10.0.0.0/24",
            "customer_owned_ipv4_pool": "",
            "id": "subnet-09bf0f258c1fad8ac",
            "ipv6_cidr_block": "",
            "ipv6_cidr_block_association_id": "",
            "map_customer_owned_ip_on_launch": false,
            "map_public_ip_on_launch": true,
            "outpost_arn": "",
            "owner_id": "444610758372",
            "tags": {
              "Name": "public-subnet1"
            },
            "tags_all": {
              "Name": "public-subnet1"
            },
            "timeouts": null,
            "vpc_id": "vpc-066e4f23812498b9f"
          },
          "sensitive_attributes": [],
          "private": "eyJlMmJmYjczMC1lY2FhLTExZTYtOGY4OC0zNDM2M2JjN2M0YzAiOnsiY3JlYXRlIjo2MDAwMDAwMDAwMDAsImRlbGV0ZSI6MTIwMDAwMDAwMDAwMH0sInNjaGVtYV92ZXJzaW9uIjoiMSJ9",
          "dependencies": [
            "aws_vpc.vpc",
            "data.aws_availability_zones.az"
          ]
        }
      ]
    },
    {
      "mode": "managed",
      "type": "aws_subnet",
      "name": "public_subnet2",
      "provider": "provider[\"registry.terraform.io/hashicorp/aws\"]",
      "instances": [
        {
          "schema_version": 1,
          "attributes": {
            "arn": "arn:aws:ec2:us-east-1:444610758372:subnet/subnet-047e988ffcc99535c",
            "assign_ipv6_address_on_creation": false,
            "availability_zone": "us-east-1b",
            "availability_zone_id": "use1-az4",
            "cidr_block": "10.0.1.0/24",
            "customer_owned_ipv4_pool": "",
            "id": "subnet-047e988ffcc99535c",
            "ipv6_cidr_block": "",
            "ipv6_cidr_block_association_id": "",
            "map_customer_owned_ip_on_launch": false,
            "map_public_ip_on_launch": true,
            "outpost_arn": "",
            "owner_id": "444610758372",
            "tags": {
              "Name": "public-subnet2"
            },
            "tags_all": {
              "Name": "public-subnet2"
            },
            "timeouts": null,
            "vpc_id": "vpc-066e4f23812498b9f"
          },
          "sensitive_attributes": [],
          "private": "eyJlMmJmYjczMC1lY2FhLTExZTYtOGY4OC0zNDM2M2JjN2M0YzAiOnsiY3JlYXRlIjo2MDAwMDAwMDAwMDAsImRlbGV0ZSI6MTIwMDAwMDAwMDAwMH0sInNjaGVtYV92ZXJzaW9uIjoiMSJ9",
          "dependencies": [
            "aws_vpc.vpc",
            "data.aws_availability_zones.az"
          ]
        }
      ]
    },
    {
      "mode": "managed",
      "type": "aws_vpc",
      "name": "vpc",
      "provider": "provider[\"registry.terraform.io/hashicorp/aws\"]",
      "instances": [
        {
          "schema_version": 1,
          "attributes": {
            "arn": "arn:aws:ec2:us-east-1:444610758372:vpc/vpc-066e4f23812498b9f",
            "assign_generated_ipv6_cidr_block": false,
            "cidr_block": "10.0.0.0/16",
            "default_network_acl_id": "acl-09d554eddd24d3c98",
            "default_route_table_id": "rtb-053aa90f2d5a687ee",
            "default_security_group_id": "sg-048fd4682c928e128",
            "dhcp_options_id": "dopt-aba4a5d1",
            "enable_classiclink": false,
            "enable_classiclink_dns_support": false,
            "enable_dns_hostnames": true,
            "enable_dns_support": true,
            "id": "vpc-066e4f23812498b9f",
            "instance_tenancy": "default",
            "ipv6_association_id": "",
            "ipv6_cidr_block": "",
            "main_route_table_id": "rtb-053aa90f2d5a687ee",
            "owner_id": "444610758372",
            "tags": {
              "Name": "omniLatamVPC"
            },
            "tags_all": {
              "Name": "omniLatamVPC"
            }
          },
          "sensitive_attributes": [],
          "private": "eyJzY2hlbWFfdmVyc2lvbiI6IjEifQ=="
        }
      ]
    },
    {
      "mode": "managed",
      "type": "tls_private_key",
      "name": "pk",
      "provider": "provider[\"registry.terraform.io/hashicorp/tls\"]",
      "instances": [
        {
          "schema_version": 0,
          "attributes": {
            "algorithm": "RSA",
            "ecdsa_curve": "P224",
            "id": "8719d4ae71dddf677e5a143e68b14fdbcccb0722",
            "private_key_pem": "-----BEGIN RSA PRIVATE KEY-----\nMIIJKAIBAAKCAgEA1o+i0uQOd1+Xq9prImNkhCSiBK85e/1rzTOI4f8PQMa6CkLB\ncg2ujJYJjmE71JkNyY9sTOqStzl+w41nuO8HdxH+KhKO21Frg6DOdMzZ0C+j2qqj\nK6Y6y0UxFvWObF8fWrlYYIs1OGu+PK7nP3nAfRwpakUWpByM0iaa21bzPt/GE63A\nAS7H4svqno29xspSSk6UjwJjao0OD6l2biiZFP6n8YrkgjXyE3zCeMqVTWPOsABm\nh8KSo6NV0cAdtCapzLOF1afYEshcbqnnTmf9S2afl6nngZiMueCqqLNAEUd4i7Cd\nG5JblVx5Tf+crqhPawkhAT4y1iHKaNx1+Kuh1/Wz2cALAXE++x+JzhnKgEps+gwy\n4siDEc0B+gWgBM/jwzXa2/c0+YJ63kLT08nbNIA3L3YMS9Vl0YmsYTnNTPIv4x3r\nlMpTWyetblfz0zBGW9NMU4svU0skor4BqXCy2gzWcObAwxt9Cy9OjWhFbSC7jO43\nM/kyE8DqKBQR1OSDHVuBbNYo5JCe4TfLh9c9QpVDeXIP3ogqcV2nanamgzLF/M8d\nb63WMZtIBKuLPC04fAdSsRRtacQzD1cCVlXwLgkH1Ht7LwVEDwDcxIpm/gtpzH/1\nr7sQsr00l6Y4cxIP875jSQMOIg1S1Eq/0VEYjYdeQ9epeKCAa/bBFLdb+csCAwEA\nAQKCAgAuTKR4GZo9jDUwclt3+jawhS8pD5658L+YcixxiBaEhd2TZUBVGjq2P5Ik\nVTsR700YV4ipOF0ciJ2gGR1uvLXBrfJIpeSJ0xH+P28NqT6/O+iBwRygyKgbQP0M\n1UQ8gnJDo4c8ng2H9UgB1EQ2YFF3LeKJ+gqes0J3/rif6C1pPeSCTpYGK1Aa0qH4\nQOHYycPkIPzRt1Q4o+OK4aiasMwHycP3zV7t8jIgnmVgp2Z8YrMxK4T0erol8ZMN\nRgWi4Ez3zS1uI1/u/alkf+lX8/ymjqiVk6ZPQtnrKl3pNXT3xZJvolbkojp9Co1q\nlWP8FHm+wSOMHx3dM0F4S0pxtKehi0yO6nhqLsFPep5SgeeXfsAlNeXxN7v8YD/7\nJNSb6nyPKuyRKJm4Gt2XUIxqQDvSdpAHeJ5oEMWfQCjV5+RD4qfpdW5CLRMhiIi1\nJ1tmD8PtVZv0Zb5hisru9tQqMls0Kw5IiZVI19t4iSplJzKnDU2CSSFDdBpMXH+O\nPGj8x9t2QT/JpFVOa3sebvo/dtJ3Mo/4cpM8zunIROcSgLOriNLHXn3M9DEw0UVs\nRzLG9MdnEH56oyhPxorBDLRNfF+IIuY8M8Dr1tVLi/AMuhOmk32X9X0V1+zIUGyP\nizmdgRg720bDqzBSCHEXBIv13Zv3ZiHbhs6Kk0fuGVAu8FIJ8QKCAQEA7hZMJlIz\nTfWSSnHdj7tJzgEV2hLMRChenptKPDU0MIKilbYksognpl+15geK6sFi3uuQyZ2q\nOj3zr6exYTlF6KLvrR7lllWoOCw4ZtPRzVKXX6ImP5R1zTf7QN9sCRDCzjVgerzu\n1ohN9nD/e9cRlT/g5qD2r6C5r21AyrmAro63QOu0iVFUG7MStc5nhKPmOw6bvSvy\nLOa5a4vF8f/OZ6rQxOj6u9R5gfsxVaQcfvma7MygWpCZuZ6rbusXBgs+0Dp4F+Zr\nyrGrtm8RvCu6TV97S3SFs001rSK56NN2l5XAFVqXXFjbvdCR6lquOtwDhkkPSccq\ndcVtebHeRG9izQKCAQEA5rQ2jAM6sW8FfUQEFeDYmjAVLeegGVAXEH1vEz37CLmd\n5shbgXIxP0+miBpmHN0qCKZGSY+HTOyQTmCJKq+xCR6ru2KmPIw5VOiLDoyOYYEW\nt1fid3hpZmIRpNRPUQQx2Zx5PE0QBZfLun7ybw81WafrxhC+cHSiLDVHOnFlnBUW\n1wbqFCpQQJ1IAeLMPLJgpF4oIfFwSCyZTfhRbv95hKWmUJCSBHffFRiXTDeaWTtM\nRRutR5W6Fgv67JeD8WtHcZmRpUV7lckxtHEW8bRtpWsZ3Y8v8xRmjuCXws3bTXGt\nNOpyQitQgaGfNfIuY+8LNxzsR1IdebgJXQy/Cc4+9wKCAQEAiWFkX1hfMkTZPQun\nBSDU3YHS0hq2sz14G50PoN4yVyuKFUkcs8fM2TuxAiKoDf24x1i2GyBW8XR+AIWK\n3Mbnh+08z3BcmfqjLoaVpP/kt81Ie25dE6LetqPu3ugMts5tGf/CxA/w4OmV0vYw\n9YyMIMrTQ0DuFzlu68Lm+BNCJXdEVrmrWvEKz1DtIusO4IKSftFXHDkXbMFVjLEC\nbzlkKH1wKa8lvuxDkLUZKomfx8TPmIQaoyd9DJZ55W7RwjMK86xJT8Etwa/znTlJ\nyoKQ5cSKqGd8HpIWvuiiza33aFCIncnAPREo+sY27DuW/W+muP2/TJsX7Q0Wtnnj\n/ykmoQKCAQAhhBLcmmd/eYKRpTz2tLijBdM93QWcR89h/OcTI5EBvn2bFoZ8sstG\nyFqIMVWeYd8GbKmPbEOawE9io5Gp2uZcTdFjIrzF1RVLKZFyJqdUsP1M236yHpMp\nZZvsl0+ClJptY9cVFJj8RwY47NJpogr9IHEXUD1qdvdMdt0HN4wsdb/gs0d0cIVC\nLddVNs63Dq8NkgRAkiPeyGPpOOcTuhe8Vphn4ejkr0mAdhcc4oMQ7ZVyAMhWuwDS\nzSDCGGz5uL0jWs0W9pYyt4z6Cufra2v2eS3Dy1aK+O7BWQ2TJnbytE4Wfuzkgghr\nHMDVhH6K1CKL+i61Wc+gbEUn+H8UfJsXAoIBADKF1HkvIeNV78HLp9EDR47l7W9f\nFtqV2AkoWwK4ChhfF4z1tXfiavtITd453726nbq3R9eqHXSOLw0eP4KqcR+WKjBK\nqq2YdnU8RKV9y8YEgPvtH2tWgGIGkQMUibFyPhoxJzsv4w/+KFUH8i/nnZ1/JtLB\nMWLyID0xF1cAxS6hfUTPMmJ15Y8/ekXPAx/MkHUsPdPPx2/i5kp4PZvGks4KEe+c\nWTE5+TZ8pI49CemU4csuk/zlWon9Kx/jdvr5NqPvzFoqbGwahhAOSH/uf4W2C1dW\n6pOrWP+vUYeur5wHAtGMPnLinS7zz2DVqArBQ2Wg2btzXe7aWXIpIeL3kOI=\n-----END RSA PRIVATE KEY-----\n",
            "public_key_fingerprint_md5": "3e:0d:ad:eb:a5:c2:45:3d:73:29:ab:ab:08:4a:e4:b9",
            "public_key_openssh": "ssh-rsa AAAAB3NzaC1yc2EAAAADAQABAAACAQDWj6LS5A53X5er2msiY2SEJKIErzl7/WvNM4jh/w9AxroKQsFyDa6MlgmOYTvUmQ3Jj2xM6pK3OX7DjWe47wd3Ef4qEo7bUWuDoM50zNnQL6PaqqMrpjrLRTEW9Y5sXx9auVhgizU4a748ruc/ecB9HClqRRakHIzSJprbVvM+38YTrcABLsfiy+qejb3GylJKTpSPAmNqjQ4PqXZuKJkU/qfxiuSCNfITfMJ4ypVNY86wAGaHwpKjo1XRwB20JqnMs4XVp9gSyFxuqedOZ/1LZp+XqeeBmIy54Kqos0ARR3iLsJ0bkluVXHlN/5yuqE9rCSEBPjLWIcpo3HX4q6HX9bPZwAsBcT77H4nOGcqASmz6DDLiyIMRzQH6BaAEz+PDNdrb9zT5gnreQtPTyds0gDcvdgxL1WXRiaxhOc1M8i/jHeuUylNbJ61uV/PTMEZb00xTiy9TSySivgGpcLLaDNZw5sDDG30LL06NaEVtILuM7jcz+TITwOooFBHU5IMdW4Fs1ijkkJ7hN8uH1z1ClUN5cg/eiCpxXadqdqaDMsX8zx1vrdYxm0gEq4s8LTh8B1KxFG1pxDMPVwJWVfAuCQfUe3svBUQPANzEimb+C2nMf/WvuxCyvTSXpjhzEg/zvmNJAw4iDVLUSr/RURiNh15D16l4oIBr9sEUt1v5yw==\n",
            "public_key_pem": "-----BEGIN PUBLIC KEY-----\nMIICIjANBgkqhkiG9w0BAQEFAAOCAg8AMIICCgKCAgEA1o+i0uQOd1+Xq9prImNk\nhCSiBK85e/1rzTOI4f8PQMa6CkLBcg2ujJYJjmE71JkNyY9sTOqStzl+w41nuO8H\ndxH+KhKO21Frg6DOdMzZ0C+j2qqjK6Y6y0UxFvWObF8fWrlYYIs1OGu+PK7nP3nA\nfRwpakUWpByM0iaa21bzPt/GE63AAS7H4svqno29xspSSk6UjwJjao0OD6l2biiZ\nFP6n8YrkgjXyE3zCeMqVTWPOsABmh8KSo6NV0cAdtCapzLOF1afYEshcbqnnTmf9\nS2afl6nngZiMueCqqLNAEUd4i7CdG5JblVx5Tf+crqhPawkhAT4y1iHKaNx1+Kuh\n1/Wz2cALAXE++x+JzhnKgEps+gwy4siDEc0B+gWgBM/jwzXa2/c0+YJ63kLT08nb\nNIA3L3YMS9Vl0YmsYTnNTPIv4x3rlMpTWyetblfz0zBGW9NMU4svU0skor4BqXCy\n2gzWcObAwxt9Cy9OjWhFbSC7jO43M/kyE8DqKBQR1OSDHVuBbNYo5JCe4TfLh9c9\nQpVDeXIP3ogqcV2nanamgzLF/M8db63WMZtIBKuLPC04fAdSsRRtacQzD1cCVlXw\nLgkH1Ht7LwVEDwDcxIpm/gtpzH/1r7sQsr00l6Y4cxIP875jSQMOIg1S1Eq/0VEY\njYdeQ9epeKCAa/bBFLdb+csCAwEAAQ==\n-----END PUBLIC KEY-----\n",
            "rsa_bits": 4096
          },
          "sensitive_attributes": [],
          "private": "bnVsbA=="
        }
      ]
    }
  ]
}
